dependencies:
- name: postgresql
  repository: https://charts.bitnami.com/bitnami
  version: 16.7.27
- name: neo4j
  repository: https://helm.neo4j.com/neo4j
  version: 2025.8.0
digest: sha256:5ea7c46003f94121dcde966583a31a3d8019d3b10935ec025c967ba5c21854a6
generated: "2025-09-28T21:02:14.331542-03:00"
